
Microsoft Visual Studio Solution File, Format Version 12.00
# Visual Studio Version 16
VisualStudioVersion = 16.0.28922.388
MinimumVisualStudioVersion = 10.0.40219.1
Project("{FAE04EC0-301F-11D3-BF4B-00C04F79EFBC}") = "InteresCompuestoApp.Forms.UWP", "InteresCompuestoApp.Forms\InteresCompuestoApp.Forms.UWP\InteresCompuestoApp.Forms.UWP.csproj", "{14C80EFA-EAFC-4112-B7E6-EEE6ECFB8BA4}"
EndProject
Project("{FAE04EC0-301F-11D3-BF4B-00C04F79EFBC}") = "InteresCompuestoApp.Forms.Android", "InteresCompuestoApp.Forms\InteresCompuestoApp.Forms.Android\InteresCompuestoApp.Forms.Android.csproj", "{B63AB086-3FAE-4D37-BA0F-73108C5323B0}"
EndProject
Project("{FAE04EC0-301F-11D3-BF4B-00C04F79EFBC}") = "InteresCompuestoApp.Forms.iOS", "InteresCompuestoApp.Forms\InteresCompuestoApp.Forms.iOS\InteresCompuestoApp.Forms.iOS.csproj", "{380F440D-417C-49E5-944C-E9575C79007F}"
EndProject
Project("{FAE04EC0-301F-11D3-BF4B-00C04F79EFBC}") = "InteresCompuestoApp.Forms", "InteresCompuestoApp.Forms\InteresCompuestoApp.Forms\InteresCompuestoApp.Forms.csproj", "{E9FCBBB7-FDF6-49E9-992F-ADBD66C9B899}"
EndProject
Global
	GlobalSection(SolutionConfigurationPlatforms) = preSolution
		Debug|Any CPU = Debug|Any CPU
		Debug|ARM = Debug|ARM
		Debug|iPhone = Debug|iPhone
		Debug|iPhoneSimulator = Debug|iPhoneSimulator
		Debug|x64 = Debug|x64
		Debug|x86 = Debug|x86
		Release|Any CPU = Release|Any CPU
		Release|ARM = Release|ARM
		Release|iPhone = Release|iPhone
		Release|iPhoneSimulator = Release|iPhoneSimulator
		Release|x64 = Release|x64
		Release|x86 = Release|x86
	EndGlobalSection
	GlobalSection(ProjectConfigurationPlatforms) = postSolution
		{14C80EFA-EAFC-4112-B7E6-EEE6ECFB8BA4}.Debug|Any CPU.ActiveCfg = Debug|x86
		{14C80EFA-EAFC-4112-B7E6-EEE6ECFB8BA4}.Debug|Any CPU.Build.0 = Debug|x86
		{14C80EFA-EAFC-4112-B7E6-EEE6ECFB8BA4}.Debug|Any CPU.Deploy.0 = Debug|x86
		{14C80EFA-EAFC-4112-B7E6-EEE6ECFB8BA4}.Debug|ARM.ActiveCfg = Debug|ARM
		{14C80EFA-EAFC-4112-B7E6-EEE6ECFB8BA4}.Debug|ARM.Build.0 = Debug|ARM
		{14C80EFA-EAFC-4112-B7E6-EEE6ECFB8BA4}.Debug|ARM.Deploy.0 = Debug|ARM
		{14C80EFA-EAFC-4112-B7E6-EEE6ECFB8BA4}.Debug|iPhone.ActiveCfg = Debug|x86
		{14C80EFA-EAFC-4112-B7E6-EEE6ECFB8BA4}.Debug|iPhone.Build.0 = Debug|x86
		{14C80EFA-EAFC-4112-B7E6-EEE6ECFB8BA4}.Debug|iPhone.Deploy.0 = Debug|x86
		{14C80EFA-EAFC-4112-B7E6-EEE6ECFB8BA4}.Debug|iPhoneSimulator.ActiveCfg = Debug|x86
		{14C80EFA-EAFC-4112-B7E6-EEE6ECFB8BA4}.Debug|iPhoneSimulator.Build.0 = Debug|x86
		{14C80EFA-EAFC-4112-B7E6-EEE6ECFB8BA4}.Debug|iPhoneSimulator.Deploy.0 = Debug|x86
		{14C80EFA-EAFC-4112-B7E6-EEE6ECFB8BA4}.Debug|x64.ActiveCfg = Debug|x64
		{14C80EFA-EAFC-4112-B7E6-EEE6ECFB8BA4}.Debug|x64.Build.0 = Debug|x64
		{14C80EFA-EAFC-4112-B7E6-EEE6ECFB8BA4}.Debug|x64.Deploy.0 = Debug|x64
		{14C80EFA-EAFC-4112-B7E6-EEE6ECFB8BA4}.Debug|x86.ActiveCfg = Debug|x86
		{14C80EFA-EAFC-4112-B7E6-EEE6ECFB8BA4}.Debug|x86.Build.0 = Debug|x86
		{14C80EFA-EAFC-4112-B7E6-EEE6ECFB8BA4}.Debug|x86.Deploy.0 = Debug|x86
		{14C80EFA-EAFC-4112-B7E6-EEE6ECFB8BA4}.Release|Any CPU.ActiveCfg = Release|x86
		{14C80EFA-EAFC-4112-B7E6-EEE6ECFB8BA4}.Release|Any CPU.Build.0 = Release|x86
		{14C80EFA-EAFC-4112-B7E6-EEE6ECFB8BA4}.Release|Any CPU.Deploy.0 = Release|x86
		{14C80EFA-EAFC-4112-B7E6-EEE6ECFB8BA4}.Release|ARM.ActiveCfg = Release|ARM
		{14C80EFA-EAFC-4112-B7E6-EEE6ECFB8BA4}.Release|ARM.Build.0 = Release|ARM
		{14C80EFA-EAFC-4112-B7E6-EEE6ECFB8BA4}.Release|ARM.Deploy.0 = Release|ARM
		{14C80EFA-EAFC-4112-B7E6-EEE6ECFB8BA4}.Release|iPhone.ActiveCfg = Release|x86
		{14C80EFA-EAFC-4112-B7E6-EEE6ECFB8BA4}.Release|iPhone.Build.0 = Release|x86
		{14C80EFA-EAFC-4112-B7E6-EEE6ECFB8BA4}.Release|iPhone.Deploy.0 = Release|x86
		{14C80EFA-EAFC-4112-B7E6-EEE6ECFB8BA4}.Release|iPhoneSimulator.ActiveCfg = Release|x86
		{14C80EFA-EAFC-4112-B7E6-EEE6ECFB8BA4}.Release|iPhoneSimulator.Build.0 = Release|x86
		{14C80EFA-EAFC-4112-B7E6-EEE6ECFB8BA4}.Release|iPhoneSimulator.Deploy.0 = Release|x86
		{14C80EFA-EAFC-4112-B7E6-EEE6ECFB8BA4}.Release|x64.ActiveCfg = Release|x64
		{14C80EFA-EAFC-4112-B7E6-EEE6ECFB8BA4}.Release|x64.Build.0 = Release|x64
		{14C80EFA-EAFC-4112-B7E6-EEE6ECFB8BA4}.Release|x64.Deploy.0 = Release|x64
		{14C80EFA-EAFC-4112-B7E6-EEE6ECFB8BA4}.Release|x86.ActiveCfg = Release|x86
		{14C80EFA-EAFC-4112-B7E6-EEE6ECFB8BA4}.Release|x86.Build.0 = Release|x86
		{14C80EFA-EAFC-4112-B7E6-EEE6ECFB8BA4}.Release|x86.Deploy.0 = Release|x86
		{B63AB086-3FAE-4D37-BA0F-73108C5323B0}.Debug|Any CPU.ActiveCfg = Debug|Any CPU
		{B63AB086-3FAE-4D37-BA0F-73108C5323B0}.Debug|Any CPU.Build.0 = Debug|Any CPU
		{B63AB086-3FAE-4D37-BA0F-73108C5323B0}.Debug|Any CPU.Deploy.0 = Debug|Any CPU
		{B63AB086-3FAE-4D37-BA0F-73108C5323B0}.Debug|ARM.ActiveCfg = Debug|Any CPU
		{B63AB086-3FAE-4D37-BA0F-73108C5323B0}.Debug|ARM.Build.0 = Debug|Any CPU
		{B63AB086-3FAE-4D37-BA0F-73108C5323B0}.Debug|ARM.Deploy.0 = Debug|Any CPU
		{B63AB086-3FAE-4D37-BA0F-73108C5323B0}.Debug|iPhone.ActiveCfg = Debug|Any CPU
		{B63AB086-3FAE-4D37-BA0F-73108C5323B0}.Debug|iPhone.Build.0 = Debug|Any CPU
		{B63AB086-3FAE-4D37-BA0F-73108C5323B0}.Debug|iPhone.Deploy.0 = Debug|Any CPU
		{B63AB086-3FAE-4D37-BA0F-73108C5323B0}.Debug|iPhoneSimulator.ActiveCfg = Debug|Any CPU
		{B63AB086-3FAE-4D37-BA0F-73108C5323B0}.Debug|iPhoneSimulator.Build.0 = Debug|Any CPU
		{B63AB086-3FAE-4D37-BA0F-73108C5323B0}.Debug|iPhoneSimulator.Deploy.0 = Debug|Any CPU
		{B63AB086-3FAE-4D37-BA0F-73108C5323B0}.Debug|x64.ActiveCfg = Debug|Any CPU
		{B63AB086-3FAE-4D37-BA0F-73108C5323B0}.Debug|x64.Build.0 = Debug|Any CPU
		{B63AB086-3FAE-4D37-BA0F-73108C5323B0}.Debug|x64.Deploy.0 = Debug|Any CPU
		{B63AB086-3FAE-4D37-BA0F-73108C5323B0}.Debug|x86.ActiveCfg = Debug|Any CPU
		{B63AB086-3FAE-4D37-BA0F-73108C5323B0}.Debug|x86.Build.0 = Debug|Any CPU
		{B63AB086-3FAE-4D37-BA0F-73108C5323B0}.Debug|x86.Deploy.0 = Debug|Any CPU
		{B63AB086-3FAE-4D37-BA0F-73108C5323B0}.Release|Any CPU.ActiveCfg = Release|Any CPU
		{B63AB086-3FAE-4D37-BA0F-73108C5323B0}.Release|Any CPU.Build.0 = Release|Any CPU
		{B63AB086-3FAE-4D37-BA0F-73108C5323B0}.Release|Any CPU.Deploy.0 = Release|Any CPU
		{B63AB086-3FAE-4D37-BA0F-73108C5323B0}.Release|ARM.ActiveCfg = Release|Any CPU
		{B63AB086-3FAE-4D37-BA0F-73108C5323B0}.Release|ARM.Build.0 = Release|Any CPU
		{B63AB086-3FAE-4D37-BA0F-73108C5323B0}.Release|ARM.Deploy.0 = Release|Any CPU
		{B63AB086-3FAE-4D37-BA0F-73108C5323B0}.Release|iPhone.ActiveCfg = Release|Any CPU
		{B63AB086-3FAE-4D37-BA0F-73108C5323B0}.Release|iPhone.Build.0 = Release|Any CPU
		{B63AB086-3FAE-4D37-BA0F-73108C5323B0}.Release|iPhone.Deploy.0 = Release|Any CPU
		{B63AB086-3FAE-4D37-BA0F-73108C5323B0}.Release|iPhoneSimulator.ActiveCfg = Release|Any CPU
		{B63AB086-3FAE-4D37-BA0F-73108C5323B0}.Release|iPhoneSimulator.Build.0 = Release|Any CPU
		{B63AB086-3FAE-4D37-BA0F-73108C5323B0}.Release|iPhoneSimulator.Deploy.0 = Release|Any CPU
		{B63AB086-3FAE-4D37-BA0F-73108C5323B0}.Release|x64.ActiveCfg = Release|Any CPU
		{B63AB086-3FAE-4D37-BA0F-73108C5323B0}.Release|x64.Build.0 = Release|Any CPU
		{B63AB086-3FAE-4D37-BA0F-73108C5323B0}.Release|x64.Deploy.0 = Release|Any CPU
		{B63AB086-3FAE-4D37-BA0F-73108C5323B0}.Release|x86.ActiveCfg = Release|Any CPU
		{B63AB086-3FAE-4D37-BA0F-73108C5323B0}.Release|x86.Build.0 = Release|Any CPU
		{B63AB086-3FAE-4D37-BA0F-73108C5323B0}.Release|x86.Deploy.0 = Release|Any CPU
		{380F440D-417C-49E5-944C-E9575C79007F}.Debug|Any CPU.ActiveCfg = Debug|iPhone
		{380F440D-417C-49E5-944C-E9575C79007F}.Debug|Any CPU.Build.0 = Debug|iPhone
		{380F440D-417C-49E5-944C-E9575C79007F}.Debug|Any CPU.Deploy.0 = Debug|iPhone
		{380F440D-417C-49E5-944C-E9575C79007F}.Debug|ARM.ActiveCfg = Debug|iPhoneSimulator
		{380F440D-417C-49E5-944C-E9575C79007F}.Debug|ARM.Build.0 = Debug|iPhoneSimulator
		{380F440D-417C-49E5-944C-E9575C79007F}.Debug|ARM.Deploy.0 = Debug|iPhoneSimulator
		{380F440D-417C-49E5-944C-E9575C79007F}.Debug|iPhone.ActiveCfg = Debug|iPhone
		{380F440D-417C-49E5-944C-E9575C79007F}.Debug|iPhone.Build.0 = Debug|iPhone
		{380F440D-417C-49E5-944C-E9575C79007F}.Debug|iPhone.Deploy.0 = Debug|iPhone
		{380F440D-417C-49E5-944C-E9575C79007F}.Debug|iPhoneSimulator.ActiveCfg = Debug|iPhoneSimulator
		{380F440D-417C-49E5-944C-E9575C79007F}.Debug|iPhoneSimulator.Build.0 = Debug|iPhoneSimulator
		{380F440D-417C-49E5-944C-E9575C79007F}.Debug|iPhoneSimulator.Deploy.0 = Debug|iPhoneSimulator
		{380F440D-417C-49E5-944C-E9575C79007F}.Debug|x64.ActiveCfg = Debug|iPhone
		{380F440D-417C-49E5-944C-E9575C79007F}.Debug|x64.Build.0 = Debug|iPhone
		{380F440D-417C-49E5-944C-E9575C79007F}.Debug|x64.Deploy.0 = Debug|iPhone
		{380F440D-417C-49E5-944C-E9575C79007F}.Debug|x86.ActiveCfg = Debug|iPhone
		{380F440D-417C-49E5-944C-E9575C79007F}.Debug|x86.Build.0 = Debug|iPhone
		{380F440D-417C-49E5-944C-E9575C79007F}.Debug|x86.Deploy.0 = Debug|iPhone
		{380F440D-417C-49E5-944C-E9575C79007F}.Release|Any CPU.ActiveCfg = Release|iPhone
		{380F440D-417C-49E5-944C-E9575C79007F}.Release|Any CPU.Build.0 = Release|iPhone
		{380F440D-417C-49E5-944C-E9575C79007F}.Release|Any CPU.Deploy.0 = Release|iPhone
		{380F440D-417C-49E5-944C-E9575C79007F}.Release|ARM.ActiveCfg = Release|iPhone
		{380F440D-417C-49E5-944C-E9575C79007F}.Release|ARM.Build.0 = Release|iPhone
		{380F440D-417C-49E5-944C-E9575C79007F}.Release|ARM.Deploy.0 = Release|iPhone
		{380F440D-417C-49E5-944C-E9575C79007F}.Release|iPhone.ActiveCfg = Release|iPhone
		{380F440D-417C-49E5-944C-E9575C79007F}.Release|iPhone.Build.0 = Release|iPhone
		{380F440D-417C-49E5-944C-E9575C79007F}.Release|iPhone.Deploy.0 = Release|iPhone
		{380F440D-417C-49E5-944C-E9575C79007F}.Release|iPhoneSimulator.ActiveCfg = Release|iPhoneSimulator
		{380F440D-417C-49E5-944C-E9575C79007F}.Release|iPhoneSimulator.Build.0 = Release|iPhoneSimulator
		{380F440D-417C-49E5-944C-E9575C79007F}.Release|iPhoneSimulator.Deploy.0 = Release|iPhoneSimulator
		{380F440D-417C-49E5-944C-E9575C79007F}.Release|x64.ActiveCfg = Release|iPhone
		{380F440D-417C-49E5-944C-E9575C79007F}.Release|x64.Build.0 = Release|iPhone
		{380F440D-417C-49E5-944C-E9575C79007F}.Release|x64.Deploy.0 = Release|iPhone
		{380F440D-417C-49E5-944C-E9575C79007F}.Release|x86.ActiveCfg = Release|iPhone
		{380F440D-417C-49E5-944C-E9575C79007F}.Release|x86.Build.0 = Release|iPhone
		{380F440D-417C-49E5-944C-E9575C79007F}.Release|x86.Deploy.0 = Release|iPhone
		{E9FCBBB7-FDF6-49E9-992F-ADBD66C9B899}.Debug|Any CPU.ActiveCfg = Debug|Any CPU
		{E9FCBBB7-FDF6-49E9-992F-ADBD66C9B899}.Debug|Any CPU.Build.0 = Debug|Any CPU
		{E9FCBBB7-FDF6-49E9-992F-ADBD66C9B899}.Debug|Any CPU.Deploy.0 = Debug|Any CPU
		{E9FCBBB7-FDF6-49E9-992F-ADBD66C9B899}.Debug|ARM.ActiveCfg = Debug|Any CPU
		{E9FCBBB7-FDF6-49E9-992F-ADBD66C9B899}.Debug|ARM.Build.0 = Debug|Any CPU
		{E9FCBBB7-FDF6-49E9-992F-ADBD66C9B899}.Debug|ARM.Deploy.0 = Debug|Any CPU
		{E9FCBBB7-FDF6-49E9-992F-ADBD66C9B899}.Debug|iPhone.ActiveCfg = Debug|Any CPU
		{E9FCBBB7-FDF6-49E9-992F-ADBD66C9B899}.Debug|iPhone.Build.0 = Debug|Any CPU
		{E9FCBBB7-FDF6-49E9-992F-ADBD66C9B899}.Debug|iPhone.Deploy.0 = Debug|Any CPU
		{E9FCBBB7-FDF6-49E9-992F-ADBD66C9B899}.Debug|iPhoneSimulator.ActiveCfg = Debug|Any CPU
		{E9FCBBB7-FDF6-49E9-992F-ADBD66C9B899}.Debug|iPhoneSimulator.Build.0 = Debug|Any CPU
		{E9FCBBB7-FDF6-49E9-992F-ADBD66C9B899}.Debug|iPhoneSimulator.Deploy.0 = Debug|Any CPU
		{E9FCBBB7-FDF6-49E9-992F-ADBD66C9B899}.Debug|x64.ActiveCfg = Debug|Any CPU
		{E9FCBBB7-FDF6-49E9-992F-ADBD66C9B899}.Debug|x64.Build.0 = Debug|Any CPU
		{E9FCBBB7-FDF6-49E9-992F-ADBD66C9B899}.Debug|x64.Deploy.0 = Debug|Any CPU
		{E9FCBBB7-FDF6-49E9-992F-ADBD66C9B899}.Debug|x86.ActiveCfg = Debug|Any CPU
		{E9FCBBB7-FDF6-49E9-992F-ADBD66C9B899}.Debug|x86.Build.0 = Debug|Any CPU
		{E9FCBBB7-FDF6-49E9-992F-ADBD66C9B899}.Debug|x86.Deploy.0 = Debug|Any CPU
		{E9FCBBB7-FDF6-49E9-992F-ADBD66C9B899}.Release|Any CPU.ActiveCfg = Release|Any CPU
		{E9FCBBB7-FDF6-49E9-992F-ADBD66C9B899}.Release|Any CPU.Build.0 = Release|Any CPU
		{E9FCBBB7-FDF6-49E9-992F-ADBD66C9B899}.Release|Any CPU.Deploy.0 = Release|Any CPU
		{E9FCBBB7-FDF6-49E9-992F-ADBD66C9B899}.Release|ARM.ActiveCfg = Release|Any CPU
		{E9FCBBB7-FDF6-49E9-992F-ADBD66C9B899}.Release|ARM.Build.0 = Release|Any CPU
		{E9FCBBB7-FDF6-49E9-992F-ADBD66C9B899}.Release|ARM.Deploy.0 = Release|Any CPU
		{E9FCBBB7-FDF6-49E9-992F-ADBD66C9B899}.Release|iPhone.ActiveCfg = Release|Any CPU
		{E9FCBBB7-FDF6-49E9-992F-ADBD66C9B899}.Release|iPhone.Build.0 = Release|Any CPU
		{E9FCBBB7-FDF6-49E9-992F-ADBD66C9B899}.Release|iPhone.Deploy.0 = Release|Any CPU
		{E9FCBBB7-FDF6-49E9-992F-ADBD66C9B899}.Release|iPhoneSimulator.ActiveCfg = Release|Any CPU
		{E9FCBBB7-FDF6-49E9-992F-ADBD66C9B899}.Release|iPhoneSimulator.Build.0 = Release|Any CPU
		{E9FCBBB7-FDF6-49E9-992F-ADBD66C9B899}.Release|iPhoneSimulator.Deploy.0 = Release|Any CPU
		{E9FCBBB7-FDF6-49E9-992F-ADBD66C9B899}.Release|x64.ActiveCfg = Release|Any CPU
		{E9FCBBB7-FDF6-49E9-992F-ADBD66C9B899}.Release|x64.Build.0 = Release|Any CPU
		{E9FCBBB7-FDF6-49E9-992F-ADBD66C9B899}.Release|x64.Deploy.0 = Release|Any CPU
		{E9FCBBB7-FDF6-49E9-992F-ADBD66C9B899}.Release|x86.ActiveCfg = Release|Any CPU
		{E9FCBBB7-FDF6-49E9-992F-ADBD66C9B899}.Release|x86.Build.0 = Release|Any CPU
		{E9FCBBB7-FDF6-49E9-992F-ADBD66C9B899}.Release|x86.Deploy.0 = Release|Any CPU
	EndGlobalSection
	GlobalSection(SolutionProperties) = preSolution
		HideSolutionNode = FALSE
	EndGlobalSection
	GlobalSection(ExtensibilityGlobals) = postSolution
		SolutionGuid = {6E5596C1-49D5-48AC-8D98-2B2C35CF6402}
	EndGlobalSection
EndGlobal
